
Microsoft Visual Studio Solution File, Format Version 12.00
# Visual Studio Version 16
VisualStudioVersion = 16.0.810.19
MinimumVisualStudioVersion = 10.0.40219.1
Project("{FAE04EC0-301F-11D3-BF4B-00C04F79EFBC}") = "reach-soundbite-api", "reach-soundbite-api.csproj", "{065B1CA2-8BFB-4EB6-926C-56B314262B3E}"
EndProject
Global
	GlobalSection(SolutionConfigurationPlatforms) = preSolution
		Debug|Any CPU = Debug|Any CPU
		Release|Any CPU = Release|Any CPU
	EndGlobalSection
	GlobalSection(ProjectConfigurationPlatforms) = postSolution
		{065B1CA2-8BFB-4EB6-926C-56B314262B3E}.Debug|Any CPU.ActiveCfg = Debug|Any CPU
		{065B1CA2-8BFB-4EB6-926C-56B314262B3E}.Debug|Any CPU.Build.0 = Debug|Any CPU
		{065B1CA2-8BFB-4EB6-926C-56B314262B3E}.Release|Any CPU.ActiveCfg = Release|Any CPU
		{065B1CA2-8BFB-4EB6-926C-56B314262B3E}.Release|Any CPU.Build.0 = Release|Any CPU
	EndGlobalSection
	GlobalSection(SolutionProperties) = preSolution
		HideSolutionNode = FALSE
	EndGlobalSection
	GlobalSection(ExtensibilityGlobals) = postSolution
		SolutionGuid = {00F6524A-D72F-420E-9B0E-27573F7CB3F5}
	EndGlobalSection
EndGlobal
